
Microsoft Visual Studio Solution File, Format Version 12.00
# Visual Studio Version 17
VisualStudioVersion = 17.0.31903.59
MinimumVisualStudioVersion = 10.0.40219.1
Project("{9A19103F-16F7-4668-BE54-9A1E7A4F7556}") = "isun", "isun\isun.csproj", "{9C9F1B29-BFB3-442C-9DAD-9DC1063D9BFE}"
EndProject
Project("{FAE04EC0-301F-11D3-BF4B-00C04F79EFBC}") = "isun.Test", "isun.Test\isun.Test.csproj", "{D10346A7-4F9F-491A-947E-9FDC84C6985E}"
EndProject
Global
	GlobalSection(SolutionConfigurationPlatforms) = preSolution
		Debug|Any CPU = Debug|Any CPU
		Release|Any CPU = Release|Any CPU
	EndGlobalSection
	GlobalSection(ProjectConfigurationPlatforms) = postSolution
		{9C9F1B29-BFB3-442C-9DAD-9DC1063D9BFE}.Debug|Any CPU.ActiveCfg = Debug|Any CPU
		{9C9F1B29-BFB3-442C-9DAD-9DC1063D9BFE}.Debug|Any CPU.Build.0 = Debug|Any CPU
		{9C9F1B29-BFB3-442C-9DAD-9DC1063D9BFE}.Release|Any CPU.ActiveCfg = Release|Any CPU
		{9C9F1B29-BFB3-442C-9DAD-9DC1063D9BFE}.Release|Any CPU.Build.0 = Release|Any CPU
		{D10346A7-4F9F-491A-947E-9FDC84C6985E}.Debug|Any CPU.ActiveCfg = Debug|Any CPU
		{D10346A7-4F9F-491A-947E-9FDC84C6985E}.Debug|Any CPU.Build.0 = Debug|Any CPU
		{D10346A7-4F9F-491A-947E-9FDC84C6985E}.Release|Any CPU.ActiveCfg = Release|Any CPU
		{D10346A7-4F9F-491A-947E-9FDC84C6985E}.Release|Any CPU.Build.0 = Release|Any CPU
	EndGlobalSection
	GlobalSection(SolutionProperties) = preSolution
		HideSolutionNode = FALSE
	EndGlobalSection
EndGlobal
